// !$*UTF8*$!
{
	archiveVersion = 1;
	classes = {
	};
	objectVersion = 46;
	objects = {

/* Begin PBXBuildFile section */
		7484FEA116B8F615004FAD52 /* UIKit.framework in Frameworks */ = {isa = PBXBuildFile; fileRef = 74C59BCA1696C20200D029EE /* UIKit.framework */; };
		7484FEA216B8F615004FAD52 /* Foundation.framework in Frameworks */ = {isa = PBXBuildFile; fileRef = 74C59BCC1696C20200D029EE /* Foundation.framework */; };
		7484FEA816B8F615004FAD52 /* InfoPlist.strings in Resources */ = {isa = PBXBuildFile; fileRef = 7484FEA616B8F615004FAD52 /* InfoPlist.strings */; };
		7484FEAB16B8F615004FAD52 /* TestAppTesting.m in Sources */ = {isa = PBXBuildFile; fileRef = 7484FEAA16B8F615004FAD52 /* TestAppTesting.m */; };
		7484FEB416B8FA1B004FAD52 /* SenTestingKit.framework in Frameworks */ = {isa = PBXBuildFile; fileRef = 7484FEB316B8FA1B004FAD52 /* SenTestingKit.framework */; };
		74C59BCB1696C20200D029EE /* UIKit.framework in Frameworks */ = {isa = PBXBuildFile; fileRef = 74C59BCA1696C20200D029EE /* UIKit.framework */; };
		74C59BCD1696C20200D029EE /* Foundation.framework in Frameworks */ = {isa = PBXBuildFile; fileRef = 74C59BCC1696C20200D029EE /* Foundation.framework */; };
		74C59BCF1696C20200D029EE /* CoreGraphics.framework in Frameworks */ = {isa = PBXBuildFile; fileRef = 74C59BCE1696C20200D029EE /* CoreGraphics.framework */; };
		74C59BD51696C20200D029EE /* InfoPlist.strings in Resources */ = {isa = PBXBuildFile; fileRef = 74C59BD31696C20200D029EE /* InfoPlist.strings */; };
		74C59BD71696C20200D029EE /* main.m in Sources */ = {isa = PBXBuildFile; fileRef = 74C59BD61696C20200D029EE /* main.m */; };
		74C59BDB1696C20200D029EE /* CITI_AppDelegate.m in Sources */ = {isa = PBXBuildFile; fileRef = 74C59BDA1696C20200D029EE /* CITI_AppDelegate.m */; };
		74C59BDE1696C20200D029EE /* CITI_ViewController.m in Sources */ = {isa = PBXBuildFile; fileRef = 74C59BDD1696C20200D029EE /* CITI_ViewController.m */; };
		74C59BE11696C20200D029EE /* CITI_ViewController.xib in Resources */ = {isa = PBXBuildFile; fileRef = 74C59BDF1696C20200D029EE /* CITI_ViewController.xib */; };
/* End PBXBuildFile section */

/* Begin PBXContainerItemProxy section */
		7484FEB116B8F9F0004FAD52 /* PBXContainerItemProxy */ = {
			isa = PBXContainerItemProxy;
			containerPortal = 74C59BBD1696C20200D029EE /* Project object */;
			proxyType = 1;
			remoteGlobalIDString = 74C59BC51696C20200D029EE;
			remoteInfo = TestApp;
		};
/* End PBXContainerItemProxy section */

/* Begin PBXFileReference section */
		7484FE9E16B8F615004FAD52 /* TestAppTesting.octest */ = {isa = PBXFileReference; explicitFileType = wrapper.cfbundle; includeInIndex = 0; path = TestAppTesting.octest; sourceTree = BUILT_PRODUCTS_DIR; };
		7484FEA516B8F615004FAD52 /* TestAppTesting-Info.plist */ = {isa = PBXFileReference; lastKnownFileType = text.plist.xml; path = "TestAppTesting-Info.plist"; sourceTree = "<group>"; };
		7484FEA716B8F615004FAD52 /* en */ = {isa = PBXFileReference; lastKnownFileType = text.plist.strings; name = en; path = en.lproj/InfoPlist.strings; sourceTree = "<group>"; };
		7484FEA916B8F615004FAD52 /* TestAppTesting.h */ = {isa = PBXFileReference; lastKnownFileType = sourcecode.c.h; path = TestAppTesting.h; sourceTree = "<group>"; };
		7484FEAA16B8F615004FAD52 /* TestAppTesting.m */ = {isa = PBXFileReference; lastKnownFileType = sourcecode.c.objc; path = TestAppTesting.m; sourceTree = "<group>"; };
		7484FEAC16B8F615004FAD52 /* TestAppTesting-Prefix.pch */ = {isa = PBXFileReference; lastKnownFileType = sourcecode.c.h; path = "TestAppTesting-Prefix.pch"; sourceTree = "<group>"; };
		7484FEB316B8FA1B004FAD52 /* SenTestingKit.framework */ = {isa = PBXFileReference; lastKnownFileType = wrapper.framework; name = SenTestingKit.framework; path = Library/Frameworks/SenTestingKit.framework; sourceTree = DEVELOPER_DIR; };
		74C59BC61696C20200D029EE /* TestApp.app */ = {isa = PBXFileReference; explicitFileType = wrapper.application; includeInIndex = 0; path = TestApp.app; sourceTree = BUILT_PRODUCTS_DIR; };
		74C59BCA1696C20200D029EE /* UIKit.framework */ = {isa = PBXFileReference; lastKnownFileType = wrapper.framework; name = UIKit.framework; path = System/Library/Frameworks/UIKit.framework; sourceTree = SDKROOT; };
		74C59BCC1696C20200D029EE /* Foundation.framework */ = {isa = PBXFileReference; lastKnownFileType = wrapper.framework; name = Foundation.framework; path = System/Library/Frameworks/Foundation.framework; sourceTree = SDKROOT; };
		74C59BCE1696C20200D029EE /* CoreGraphics.framework */ = {isa = PBXFileReference; lastKnownFileType = wrapper.framework; name = CoreGraphics.framework; path = System/Library/Frameworks/CoreGraphics.framework; sourceTree = SDKROOT; };
		74C59BD21696C20200D029EE /* TestApp-Info.plist */ = {isa = PBXFileReference; lastKnownFileType = text.plist.xml; path = "TestApp-Info.plist"; sourceTree = "<group>"; };
		74C59BD41696C20200D029EE /* en */ = {isa = PBXFileReference; lastKnownFileType = text.plist.strings; name = en; path = en.lproj/InfoPlist.strings; sourceTree = "<group>"; };
		74C59BD61696C20200D029EE /* main.m */ = {isa = PBXFileReference; lastKnownFileType = sourcecode.c.objc; path = main.m; sourceTree = "<group>"; };
		74C59BD81696C20200D029EE /* TestApp-Prefix.pch */ = {isa = PBXFileReference; lastKnownFileType = sourcecode.c.h; path = "TestApp-Prefix.pch"; sourceTree = "<group>"; };
		74C59BD91696C20200D029EE /* CITI_AppDelegate.h */ = {isa = PBXFileReference; lastKnownFileType = sourcecode.c.h; path = CITI_AppDelegate.h; sourceTree = "<group>"; };
		74C59BDA1696C20200D029EE /* CITI_AppDelegate.m */ = {isa = PBXFileReference; lastKnownFileType = sourcecode.c.objc; path = CITI_AppDelegate.m; sourceTree = "<group>"; };
		74C59BDC1696C20200D029EE /* CITI_ViewController.h */ = {isa = PBXFileReference; lastKnownFileType = sourcecode.c.h; path = CITI_ViewController.h; sourceTree = "<group>"; };
		74C59BDD1696C20200D029EE /* CITI_ViewController.m */ = {isa = PBXFileReference; lastKnownFileType = sourcecode.c.objc; path = CITI_ViewController.m; sourceTree = "<group>"; };
		74C59BE01696C20200D029EE /* en */ = {isa = PBXFileReference; lastKnownFileType = file.xib; name = en; path = en.lproj/CITI_ViewController.xib; sourceTree = "<group>"; };
/* End PBXFileReference section */

/* Begin PBXFrameworksBuildPhase section */
		7484FE9A16B8F615004FAD52 /* Frameworks */ = {
			isa = PBXFrameworksBuildPhase;
			buildActionMask = 2147483647;
			files = (
				7484FEB416B8FA1B004FAD52 /* SenTestingKit.framework in Frameworks */,
				7484FEA116B8F615004FAD52 /* UIKit.framework in Frameworks */,
				7484FEA216B8F615004FAD52 /* Foundation.framework in Frameworks */,
			);
			runOnlyForDeploymentPostprocessing = 0;
		};
		74C59BC31696C20200D029EE /* Frameworks */ = {
			isa = PBXFrameworksBuildPhase;
			buildActionMask = 2147483647;
			files = (
				74C59BCB1696C20200D029EE /* UIKit.framework in Frameworks */,
				74C59BCD1696C20200D029EE /* Foundation.framework in Frameworks */,
				74C59BCF1696C20200D029EE /* CoreGraphics.framework in Frameworks */,
			);
			runOnlyForDeploymentPostprocessing = 0;
		};
/* End PBXFrameworksBuildPhase section */

/* Begin PBXGroup section */
		7484FEA316B8F615004FAD52 /* TestAppTesting */ = {
			isa = PBXGroup;
			children = (
				7484FEA916B8F615004FAD52 /* TestAppTesting.h */,
				7484FEAA16B8F615004FAD52 /* TestAppTesting.m */,
				7484FEA416B8F615004FAD52 /* Supporting Files */,
			);
			path = TestAppTesting;
			sourceTree = "<group>";
		};
		7484FEA416B8F615004FAD52 /* Supporting Files */ = {
			isa = PBXGroup;
			children = (
				7484FEA516B8F615004FAD52 /* TestAppTesting-Info.plist */,
				7484FEA616B8F615004FAD52 /* InfoPlist.strings */,
				7484FEAC16B8F615004FAD52 /* TestAppTesting-Prefix.pch */,
			);
			name = "Supporting Files";
			sourceTree = "<group>";
		};
		74C59BBB1696C20200D029EE = {
			isa = PBXGroup;
			children = (
				7484FEB316B8FA1B004FAD52 /* SenTestingKit.framework */,
				74C59BD01696C20200D029EE /* TestApp */,
				7484FEA316B8F615004FAD52 /* TestAppTesting */,
				74C59BC91696C20200D029EE /* Frameworks */,
				74C59BC71696C20200D029EE /* Products */,
			);
			sourceTree = "<group>";
		};
		74C59BC71696C20200D029EE /* Products */ = {
			isa = PBXGroup;
			children = (
				74C59BC61696C20200D029EE /* TestApp.app */,
				7484FE9E16B8F615004FAD52 /* TestAppTesting.octest */,
			);
			name = Products;
			sourceTree = "<group>";
		};
		74C59BC91696C20200D029EE /* Frameworks */ = {
			isa = PBXGroup;
			children = (
				74C59BCA1696C20200D029EE /* UIKit.framework */,
				74C59BCC1696C20200D029EE /* Foundation.framework */,
				74C59BCE1696C20200D029EE /* CoreGraphics.framework */,
			);
			name = Frameworks;
			sourceTree = "<group>";
		};
		74C59BD01696C20200D029EE /* TestApp */ = {
			isa = PBXGroup;
			children = (
				74C59BD91696C20200D029EE /* CITI_AppDelegate.h */,
				74C59BDA1696C20200D029EE /* CITI_AppDelegate.m */,
				74C59BDC1696C20200D029EE /* CITI_ViewController.h */,
				74C59BDD1696C20200D029EE /* CITI_ViewController.m */,
				74C59BDF1696C20200D029EE /* CITI_ViewController.xib */,
				74C59BD11696C20200D029EE /* Supporting Files */,
			);
			path = TestApp;
			sourceTree = "<group>";
		};
		74C59BD11696C20200D029EE /* Supporting Files */ = {
			isa = PBXGroup;
			children = (
				74C59BD21696C20200D029EE /* TestApp-Info.plist */,
				74C59BD31696C20200D029EE /* InfoPlist.strings */,
				74C59BD61696C20200D029EE /* main.m */,
				74C59BD81696C20200D029EE /* TestApp-Prefix.pch */,
			);
			name = "Supporting Files";
			sourceTree = "<group>";
		};
/* End PBXGroup section */

/* Begin PBXNativeTarget section */
		7484FE9D16B8F615004FAD52 /* TestAppTesting */ = {
			isa = PBXNativeTarget;
			buildConfigurationList = 7484FEAF16B8F615004FAD52 /* Build configuration list for PBXNativeTarget "TestAppTesting" */;
			buildPhases = (
				7484FE9916B8F615004FAD52 /* Sources */,
				7484FE9A16B8F615004FAD52 /* Frameworks */,
				7484FE9B16B8F615004FAD52 /* Resources */,
				7484FE9C16B8F615004FAD52 /* ShellScript */,
			);
			buildRules = (
			);
			dependencies = (
				7484FEB216B8F9F0004FAD52 /* PBXTargetDependency */,
			);
			name = TestAppTesting;
			productName = TestAppTesting;
			productReference = 7484FE9E16B8F615004FAD52 /* TestAppTesting.octest */;
			productType = "com.apple.product-type.bundle";
		};
		74C59BC51696C20200D029EE /* TestApp */ = {
			isa = PBXNativeTarget;
			buildConfigurationList = 74C59BE41696C20200D029EE /* Build configuration list for PBXNativeTarget "TestApp" */;
			buildPhases = (
				74C59BC21696C20200D029EE /* Sources */,
				74C59BC31696C20200D029EE /* Frameworks */,
				74C59BC41696C20200D029EE /* Resources */,
			);
			buildRules = (
			);
			dependencies = (
			);
			name = TestApp;
			productName = TestApp;
			productReference = 74C59BC61696C20200D029EE /* TestApp.app */;
			productType = "com.apple.product-type.application";
		};
/* End PBXNativeTarget section */

/* Begin PBXProject section */
		74C59BBD1696C20200D029EE /* Project object */ = {
			isa = PBXProject;
			attributes = {
				LastUpgradeCheck = 0420;
			};
			buildConfigurationList = 74C59BC01696C20200D029EE /* Build configuration list for PBXProject "TestApp" */;
			compatibilityVersion = "Xcode 3.2";
			developmentRegion = English;
			hasScannedForEncodings = 0;
			knownRegions = (
				en,
			);
			mainGroup = 74C59BBB1696C20200D029EE;
			productRefGroup = 74C59BC71696C20200D029EE /* Products */;
			projectDirPath = "";
			projectRoot = "";
			targets = (
				74C59BC51696C20200D029EE /* TestApp */,
				7484FE9D16B8F615004FAD52 /* TestAppTesting */,
			);
		};
/* End PBXProject section */

/* Begin PBXResourcesBuildPhase section */
		7484FE9B16B8F615004FAD52 /* Resources */ = {
			isa = PBXResourcesBuildPhase;
			buildActionMask = 2147483647;
			files = (
				7484FEA816B8F615004FAD52 /* InfoPlist.strings in Resources */,
			);
			runOnlyForDeploymentPostprocessing = 0;
		};
		74C59BC41696C20200D029EE /* Resources */ = {
			isa = PBXResourcesBuildPhase;
			buildActionMask = 2147483647;
			files = (
				74C59BD51696C20200D029EE /* InfoPlist.strings in Resources */,
				74C59BE11696C20200D029EE /* CITI_ViewController.xib in Resources */,
			);
			runOnlyForDeploymentPostprocessing = 0;
		};
/* End PBXResourcesBuildPhase section */

/* Begin PBXShellScriptBuildPhase section */
		7484FE9C16B8F615004FAD52 /* ShellScript */ = {
			isa = PBXShellScriptBuildPhase;
			buildActionMask = 2147483647;
			files = (
			);
			inputPaths = (
			);
			outputPaths = (
			);
			runOnlyForDeploymentPostprocessing = 0;
			shellPath = /bin/sh;
			shellScript = "# Run the unit tests in this test bundle.\n\"${SYSTEM_DEVELOPER_DIR}/Tools/RunUnitTests\"\n";
		};
/* End PBXShellScriptBuildPhase section */

/* Begin PBXSourcesBuildPhase section */
		7484FE9916B8F615004FAD52 /* Sources */ = {
			isa = PBXSourcesBuildPhase;
			buildActionMask = 2147483647;
			files = (
				7484FEAB16B8F615004FAD52 /* TestAppTesting.m in Sources */,
			);
			runOnlyForDeploymentPostprocessing = 0;
		};
		74C59BC21696C20200D029EE /* Sources */ = {
			isa = PBXSourcesBuildPhase;
			buildActionMask = 2147483647;
			files = (
				74C59BD71696C20200D029EE /* main.m in Sources */,
				74C59BDB1696C20200D029EE /* CITI_AppDelegate.m in Sources */,
				74C59BDE1696C20200D029EE /* CITI_ViewController.m in Sources */,
			);
			runOnlyForDeploymentPostprocessing = 0;
		};
/* End PBXSourcesBuildPhase section */

/* Begin PBXTargetDependency section */
		7484FEB216B8F9F0004FAD52 /* PBXTargetDependency */ = {
			isa = PBXTargetDependency;
			target = 74C59BC51696C20200D029EE /* TestApp */;
			targetProxy = 7484FEB116B8F9F0004FAD52 /* PBXContainerItemProxy */;
		};
/* End PBXTargetDependency section */

/* Begin PBXVariantGroup section */
		7484FEA616B8F615004FAD52 /* InfoPlist.strings */ = {
			isa = PBXVariantGroup;
			children = (
				7484FEA716B8F615004FAD52 /* en */,
			);
			name = InfoPlist.strings;
			sourceTree = "<group>";
		};
		74C59BD31696C20200D029EE /* InfoPlist.strings */ = {
			isa = PBXVariantGroup;
			children = (
				74C59BD41696C20200D029EE /* en */,
			);
			name = InfoPlist.strings;
			sourceTree = "<group>";
		};
		74C59BDF1696C20200D029EE /* CITI_ViewController.xib */ = {
			isa = PBXVariantGroup;
			children = (
				74C59BE01696C20200D029EE /* en */,
			);
			name = CITI_ViewController.xib;
			sourceTree = "<group>";
		};
/* End PBXVariantGroup section */

/* Begin XCBuildConfiguration section */
		7484FEAD16B8F615004FAD52 /* Debug */ = {
			isa = XCBuildConfiguration;
			buildSettings = {
				FRAMEWORK_SEARCH_PATHS = (
					"$(SDKROOT)/Developer/Library/Frameworks",
					"$(DEVELOPER_LIBRARY_DIR)/Frameworks",
				);
				GCC_PRECOMPILE_PREFIX_HEADER = YES;
				GCC_PREFIX_HEADER = "TestAppTesting/TestAppTesting-Prefix.pch";
				INFOPLIST_FILE = "TestAppTesting/TestAppTesting-Info.plist";
				PRODUCT_NAME = "$(TARGET_NAME)";
				WRAPPER_EXTENSION = octest;
			};
			name = Debug;
		};
		7484FEAE16B8F615004FAD52 /* Release */ = {
			isa = XCBuildConfiguration;
			buildSettings = {
				FRAMEWORK_SEARCH_PATHS = (
					"$(SDKROOT)/Developer/Library/Frameworks",
					"$(DEVELOPER_LIBRARY_DIR)/Frameworks",
				);
				GCC_PRECOMPILE_PREFIX_HEADER = YES;
				GCC_PREFIX_HEADER = "TestAppTesting/TestAppTesting-Prefix.pch";
				INFOPLIST_FILE = "TestAppTesting/TestAppTesting-Info.plist";
				PRODUCT_NAME = "$(TARGET_NAME)";
				WRAPPER_EXTENSION = octest;
			};
			name = Release;
		};
		74C59BE21696C20200D029EE /* Debug */ = {
			isa = XCBuildConfiguration;
			buildSettings = {
				ALWAYS_SEARCH_USER_PATHS = NO;
				ARCHS = "$(ARCHS_STANDARD_32_BIT)";
				"CODE_SIGN_IDENTITY[sdk=iphoneos*]" = "iPhone Developer";
				COPY_PHASE_STRIP = NO;
				GCC_C_LANGUAGE_STANDARD = gnu99;
				GCC_DYNAMIC_NO_PIC = NO;
				GCC_OPTIMIZATION_LEVEL = 0;
				GCC_PREPROCESSOR_DEFINITIONS = (
					"DEBUG=1",
					"$(inherited)",
				);
				GCC_SYMBOLS_PRIVATE_EXTERN = NO;
				GCC_VERSION = com.apple.compilers.llvm.clang.1_0;
				GCC_WARN_ABOUT_MISSING_PROTOTYPES = YES;
				GCC_WARN_ABOUT_RETURN_TYPE = YES;
				GCC_WARN_UNUSED_VARIABLE = YES;
				IPHONEOS_DEPLOYMENT_TARGET = 5.0;
				SDKROOT = iphoneos;
				TARGETED_DEVICE_FAMILY = 2;
			};
			name = Debug;
		};
		74C59BE31696C20200D029EE /* Release */ = {
			isa = XCBuildConfiguration;
			buildSettings = {
				ALWAYS_SEARCH_USER_PATHS = NO;
				ARCHS = "$(ARCHS_STANDARD_32_BIT)";
				"CODE_SIGN_IDENTITY[sdk=iphoneos*]" = "iPhone Developer";
				COPY_PHASE_STRIP = YES;
				GCC_C_LANGUAGE_STANDARD = gnu99;
				GCC_VERSION = com.apple.compilers.llvm.clang.1_0;
				GCC_WARN_ABOUT_MISSING_PROTOTYPES = YES;
				GCC_WARN_ABOUT_RETURN_TYPE = YES;
				GCC_WARN_UNUSED_VARIABLE = YES;
				IPHONEOS_DEPLOYMENT_TARGET = 5.0;
				OTHER_CFLAGS = "-DNS_BLOCK_ASSERTIONS=1";
				SDKROOT = iphoneos;
				TARGETED_DEVICE_FAMILY = 2;
				VALIDATE_PRODUCT = YES;
			};
			name = Release;
		};
		74C59BE51696C20200D029EE /* Debug */ = {
			isa = XCBuildConfiguration;
			buildSettings = {
				GCC_PRECOMPILE_PREFIX_HEADER = YES;
				GCC_PREFIX_HEADER = "TestApp/TestApp-Prefix.pch";
				INFOPLIST_FILE = "TestApp/TestApp-Info.plist";
				PRODUCT_NAME = "$(TARGET_NAME)";
				WRAPPER_EXTENSION = app;
			};
			name = Debug;
		};
		74C59BE61696C20200D029EE /* Release */ = {
			isa = XCBuildConfiguration;
			buildSettings = {
				GCC_PRECOMPILE_PREFIX_HEADER = YES;
				GCC_PREFIX_HEADER = "TestApp/TestApp-Prefix.pch";
				INFOPLIST_FILE = "TestApp/TestApp-Info.plist";
				PRODUCT_NAME = "$(TARGET_NAME)";
				WRAPPER_EXTENSION = app;
			};
			name = Release;
		};
/* End XCBuildConfiguration section */

/* Begin XCConfigurationList section */
		7484FEAF16B8F615004FAD52 /* Build configuration list for PBXNativeTarget "TestAppTesting" */ = {
			isa = XCConfigurationList;
			buildConfigurations = (
				7484FEAD16B8F615004FAD52 /* Debug */,
				7484FEAE16B8F615004FAD52 /* Release */,
			);
			defaultConfigurationIsVisible = 0;
		};
		74C59BC01696C20200D029EE /* Build configuration list for PBXProject "TestApp" */ = {
			isa = XCConfigurationList;
			buildConfigurations = (
				74C59BE21696C20200D029EE /* Debug */,
				74C59BE31696C20200D029EE /* Release */,
			);
			defaultConfigurationIsVisible = 0;
			defaultConfigurationName = Release;
		};
		74C59BE41696C20200D029EE /* Build configuration list for PBXNativeTarget "TestApp" */ = {
			isa = XCConfigurationList;
			buildConfigurations = (
				74C59BE51696C20200D029EE /* Debug */,
				74C59BE61696C20200D029EE /* Release */,
			);
			defaultConfigurationIsVisible = 0;
			defaultConfigurationName = Release;
		};
/* End XCConfigurationList section */
	};
	rootObject = 74C59BBD1696C20200D029EE /* Project object */;
}
